
Microsoft Visual Studio Solution File, Format Version 12.00
# Visual Studio Version 17
VisualStudioVersion = 17.13.35825.156 d17.13
MinimumVisualStudioVersion = 10.0.40219.1
Project("{FAE04EC0-301F-11D3-BF4B-00C04F79EFBC}") = "UniversalOfficeConsole", "UniversalOfficeConsole\UniversalOfficeConsole.csproj", "{2AD702B9-D35D-406B-A463-7013E7FD7B8B}"
EndProject
Global
	GlobalSection(SolutionConfigurationPlatforms) = preSolution
		Debug|Any CPU = Debug|Any CPU
		Release|Any CPU = Release|Any CPU
	EndGlobalSection
	GlobalSection(ProjectConfigurationPlatforms) = postSolution
		{2AD702B9-D35D-406B-A463-7013E7FD7B8B}.Debug|Any CPU.ActiveCfg = Debug|Any CPU
		{2AD702B9-D35D-406B-A463-7013E7FD7B8B}.Debug|Any CPU.Build.0 = Debug|Any CPU
		{2AD702B9-D35D-406B-A463-7013E7FD7B8B}.Release|Any CPU.ActiveCfg = Release|Any CPU
		{2AD702B9-D35D-406B-A463-7013E7FD7B8B}.Release|Any CPU.Build.0 = Release|Any CPU
	EndGlobalSection
	GlobalSection(SolutionProperties) = preSolution
		HideSolutionNode = FALSE
	EndGlobalSection
	GlobalSection(ExtensibilityGlobals) = postSolution
		SolutionGuid = {1B4D2DED-28E8-4DF9-A57B-059CC809442D}
	EndGlobalSection
EndGlobal
